
Microsoft Visual Studio Solution File, Format Version 12.00
# Visual Studio Version 17
VisualStudioVersion = 17.3.32901.215
MinimumVisualStudioVersion = 10.0.40219.1
Project("{FAE04EC0-301F-11D3-BF4B-00C04F79EFBC}") = "random", "random\random.csproj", "{D30FAFF0-0819-4DC8-AE57-8DC5C46FDBDC}"
EndProject
Global
	GlobalSection(SolutionConfigurationPlatforms) = preSolution
		Debug|Any CPU = Debug|Any CPU
		Release|Any CPU = Release|Any CPU
	EndGlobalSection
	GlobalSection(ProjectConfigurationPlatforms) = postSolution
		{D30FAFF0-0819-4DC8-AE57-8DC5C46FDBDC}.Debug|Any CPU.ActiveCfg = Debug|Any CPU
		{D30FAFF0-0819-4DC8-AE57-8DC5C46FDBDC}.Debug|Any CPU.Build.0 = Debug|Any CPU
		{D30FAFF0-0819-4DC8-AE57-8DC5C46FDBDC}.Release|Any CPU.ActiveCfg = Release|Any CPU
		{D30FAFF0-0819-4DC8-AE57-8DC5C46FDBDC}.Release|Any CPU.Build.0 = Release|Any CPU
	EndGlobalSection
	GlobalSection(SolutionProperties) = preSolution
		HideSolutionNode = FALSE
	EndGlobalSection
	GlobalSection(ExtensibilityGlobals) = postSolution
		SolutionGuid = {3CAC5BFD-33A8-4309-AAD6-3143B1CE584D}
	EndGlobalSection
EndGlobal
